
Microsoft Visual Studio Solution File, Format Version 12.00
# Visual Studio Version 17
VisualStudioVersion = 17.11.35327.3
MinimumVisualStudioVersion = 10.0.40219.1
Project("{2150E333-8FDC-42A3-9474-1A3956D46DE8}") = "src", "src", "{827E0CD3-B72D-47B6-A68D-7590B98EB39B}"
EndProject
Project("{FAE04EC0-301F-11D3-BF4B-00C04F79EFBC}") = "KryptoDrive.Domain", "src\KryptoDrive.Domain\KryptoDrive.Domain.csproj", "{FF65D965-A329-4DDD-8019-86F57E11CA44}"
EndProject
Project("{FAE04EC0-301F-11D3-BF4B-00C04F79EFBC}") = "KryptoDrive.DTO", "src\KryptoDrive.DTO\KryptoDrive.DTO.csproj", "{739B21C6-A6CF-43B9-A683-1FD89AAB2B76}"
EndProject
Project("{FAE04EC0-301F-11D3-BF4B-00C04F79EFBC}") = "KryptoDrive.Infra.Interfaces", "src\KryptoDrive.Infra.Interfaces\KryptoDrive.Infra.Interfaces.csproj", "{156571F1-146D-4EAB-9A39-33D18284BF89}"
EndProject
Project("{FAE04EC0-301F-11D3-BF4B-00C04F79EFBC}") = "KryptoDrive.Infra", "src\KryptoDrive.Infra\KryptoDrive.Infra.csproj", "{4C42D898-8596-4FAE-B818-DEA5091E9D4F}"
EndProject
Project("{FAE04EC0-301F-11D3-BF4B-00C04F79EFBC}") = "KryptoDrive", "src\KryptoDrive\KryptoDrive.csproj", "{49541CD3-AF67-410D-A1CC-B5BD477DAA76}"
EndProject
Project("{2150E333-8FDC-42A3-9474-1A3956D46DE8}") = "tests", "tests", "{0AB3BF05-4346-4AA6-1389-037BE0695223}"
EndProject
Project("{FAE04EC0-301F-11D3-BF4B-00C04F79EFBC}") = "KryptoDrive.Tests", "tests\KryptoDrive.Tests\KryptoDrive.Tests.csproj", "{FCDD48AE-0CE8-4A59-BAF4-29A1B17653F2}"
EndProject
Global
	GlobalSection(SolutionConfigurationPlatforms) = preSolution
		Debug|Any CPU = Debug|Any CPU
		Debug|x64 = Debug|x64
		Debug|x86 = Debug|x86
		Release|Any CPU = Release|Any CPU
		Release|x64 = Release|x64
		Release|x86 = Release|x86
	EndGlobalSection
	GlobalSection(ProjectConfigurationPlatforms) = postSolution
		{FF65D965-A329-4DDD-8019-86F57E11CA44}.Debug|Any CPU.ActiveCfg = Debug|Any CPU
		{FF65D965-A329-4DDD-8019-86F57E11CA44}.Debug|Any CPU.Build.0 = Debug|Any CPU
		{FF65D965-A329-4DDD-8019-86F57E11CA44}.Debug|x64.ActiveCfg = Debug|Any CPU
		{FF65D965-A329-4DDD-8019-86F57E11CA44}.Debug|x64.Build.0 = Debug|Any CPU
		{FF65D965-A329-4DDD-8019-86F57E11CA44}.Debug|x86.ActiveCfg = Debug|Any CPU
		{FF65D965-A329-4DDD-8019-86F57E11CA44}.Debug|x86.Build.0 = Debug|Any CPU
		{FF65D965-A329-4DDD-8019-86F57E11CA44}.Release|Any CPU.ActiveCfg = Release|Any CPU
		{FF65D965-A329-4DDD-8019-86F57E11CA44}.Release|Any CPU.Build.0 = Release|Any CPU
		{FF65D965-A329-4DDD-8019-86F57E11CA44}.Release|x64.ActiveCfg = Release|Any CPU
		{FF65D965-A329-4DDD-8019-86F57E11CA44}.Release|x64.Build.0 = Release|Any CPU
		{FF65D965-A329-4DDD-8019-86F57E11CA44}.Release|x86.ActiveCfg = Release|Any CPU
		{FF65D965-A329-4DDD-8019-86F57E11CA44}.Release|x86.Build.0 = Release|Any CPU
		{739B21C6-A6CF-43B9-A683-1FD89AAB2B76}.Debug|Any CPU.ActiveCfg = Debug|Any CPU
		{739B21C6-A6CF-43B9-A683-1FD89AAB2B76}.Debug|Any CPU.Build.0 = Debug|Any CPU
		{739B21C6-A6CF-43B9-A683-1FD89AAB2B76}.Debug|x64.ActiveCfg = Debug|Any CPU
		{739B21C6-A6CF-43B9-A683-1FD89AAB2B76}.Debug|x64.Build.0 = Debug|Any CPU
		{739B21C6-A6CF-43B9-A683-1FD89AAB2B76}.Debug|x86.ActiveCfg = Debug|Any CPU
		{739B21C6-A6CF-43B9-A683-1FD89AAB2B76}.Debug|x86.Build.0 = Debug|Any CPU
		{739B21C6-A6CF-43B9-A683-1FD89AAB2B76}.Release|Any CPU.ActiveCfg = Release|Any CPU
		{739B21C6-A6CF-43B9-A683-1FD89AAB2B76}.Release|Any CPU.Build.0 = Release|Any CPU
		{739B21C6-A6CF-43B9-A683-1FD89AAB2B76}.Release|x64.ActiveCfg = Release|Any CPU
		{739B21C6-A6CF-43B9-A683-1FD89AAB2B76}.Release|x64.Build.0 = Release|Any CPU
		{739B21C6-A6CF-43B9-A683-1FD89AAB2B76}.Release|x86.ActiveCfg = Release|Any CPU
		{739B21C6-A6CF-43B9-A683-1FD89AAB2B76}.Release|x86.Build.0 = Release|Any CPU
		{156571F1-146D-4EAB-9A39-33D18284BF89}.Debug|Any CPU.ActiveCfg = Debug|Any CPU
		{156571F1-146D-4EAB-9A39-33D18284BF89}.Debug|Any CPU.Build.0 = Debug|Any CPU
		{156571F1-146D-4EAB-9A39-33D18284BF89}.Debug|x64.ActiveCfg = Debug|Any CPU
		{156571F1-146D-4EAB-9A39-33D18284BF89}.Debug|x64.Build.0 = Debug|Any CPU
		{156571F1-146D-4EAB-9A39-33D18284BF89}.Debug|x86.ActiveCfg = Debug|Any CPU
		{156571F1-146D-4EAB-9A39-33D18284BF89}.Debug|x86.Build.0 = Debug|Any CPU
		{156571F1-146D-4EAB-9A39-33D18284BF89}.Release|Any CPU.ActiveCfg = Release|Any CPU
		{156571F1-146D-4EAB-9A39-33D18284BF89}.Release|Any CPU.Build.0 = Release|Any CPU
		{156571F1-146D-4EAB-9A39-33D18284BF89}.Release|x64.ActiveCfg = Release|Any CPU
		{156571F1-146D-4EAB-9A39-33D18284BF89}.Release|x64.Build.0 = Release|Any CPU
		{156571F1-146D-4EAB-9A39-33D18284BF89}.Release|x86.ActiveCfg = Release|Any CPU
		{156571F1-146D-4EAB-9A39-33D18284BF89}.Release|x86.Build.0 = Release|Any CPU
		{4C42D898-8596-4FAE-B818-DEA5091E9D4F}.Debug|Any CPU.ActiveCfg = Debug|Any CPU
		{4C42D898-8596-4FAE-B818-DEA5091E9D4F}.Debug|Any CPU.Build.0 = Debug|Any CPU
		{4C42D898-8596-4FAE-B818-DEA5091E9D4F}.Debug|x64.ActiveCfg = Debug|Any CPU
		{4C42D898-8596-4FAE-B818-DEA5091E9D4F}.Debug|x64.Build.0 = Debug|Any CPU
		{4C42D898-8596-4FAE-B818-DEA5091E9D4F}.Debug|x86.ActiveCfg = Debug|Any CPU
		{4C42D898-8596-4FAE-B818-DEA5091E9D4F}.Debug|x86.Build.0 = Debug|Any CPU
		{4C42D898-8596-4FAE-B818-DEA5091E9D4F}.Release|Any CPU.ActiveCfg = Release|Any CPU
		{4C42D898-8596-4FAE-B818-DEA5091E9D4F}.Release|Any CPU.Build.0 = Release|Any CPU
		{4C42D898-8596-4FAE-B818-DEA5091E9D4F}.Release|x64.ActiveCfg = Release|Any CPU
		{4C42D898-8596-4FAE-B818-DEA5091E9D4F}.Release|x64.Build.0 = Release|Any CPU
		{4C42D898-8596-4FAE-B818-DEA5091E9D4F}.Release|x86.ActiveCfg = Release|Any CPU
		{4C42D898-8596-4FAE-B818-DEA5091E9D4F}.Release|x86.Build.0 = Release|Any CPU
		{49541CD3-AF67-410D-A1CC-B5BD477DAA76}.Debug|Any CPU.ActiveCfg = Debug|Any CPU
		{49541CD3-AF67-410D-A1CC-B5BD477DAA76}.Debug|Any CPU.Build.0 = Debug|Any CPU
		{49541CD3-AF67-410D-A1CC-B5BD477DAA76}.Debug|x64.ActiveCfg = Debug|Any CPU
		{49541CD3-AF67-410D-A1CC-B5BD477DAA76}.Debug|x64.Build.0 = Debug|Any CPU
		{49541CD3-AF67-410D-A1CC-B5BD477DAA76}.Debug|x86.ActiveCfg = Debug|Any CPU
		{49541CD3-AF67-410D-A1CC-B5BD477DAA76}.Debug|x86.Build.0 = Debug|Any CPU
		{49541CD3-AF67-410D-A1CC-B5BD477DAA76}.Release|Any CPU.ActiveCfg = Release|Any CPU
		{49541CD3-AF67-410D-A1CC-B5BD477DAA76}.Release|Any CPU.Build.0 = Release|Any CPU
		{49541CD3-AF67-410D-A1CC-B5BD477DAA76}.Release|x64.ActiveCfg = Release|Any CPU
		{49541CD3-AF67-410D-A1CC-B5BD477DAA76}.Release|x64.Build.0 = Release|Any CPU
		{49541CD3-AF67-410D-A1CC-B5BD477DAA76}.Release|x86.ActiveCfg = Release|Any CPU
		{49541CD3-AF67-410D-A1CC-B5BD477DAA76}.Release|x86.Build.0 = Release|Any CPU
		{FCDD48AE-0CE8-4A59-BAF4-29A1B17653F2}.Debug|Any CPU.ActiveCfg = Debug|Any CPU
		{FCDD48AE-0CE8-4A59-BAF4-29A1B17653F2}.Debug|Any CPU.Build.0 = Debug|Any CPU
		{FCDD48AE-0CE8-4A59-BAF4-29A1B17653F2}.Debug|x64.ActiveCfg = Debug|Any CPU
		{FCDD48AE-0CE8-4A59-BAF4-29A1B17653F2}.Debug|x64.Build.0 = Debug|Any CPU
		{FCDD48AE-0CE8-4A59-BAF4-29A1B17653F2}.Debug|x86.ActiveCfg = Debug|Any CPU
		{FCDD48AE-0CE8-4A59-BAF4-29A1B17653F2}.Debug|x86.Build.0 = Debug|Any CPU
		{FCDD48AE-0CE8-4A59-BAF4-29A1B17653F2}.Release|Any CPU.ActiveCfg = Release|Any CPU
		{FCDD48AE-0CE8-4A59-BAF4-29A1B17653F2}.Release|Any CPU.Build.0 = Release|Any CPU
		{FCDD48AE-0CE8-4A59-BAF4-29A1B17653F2}.Release|x64.ActiveCfg = Release|Any CPU
		{FCDD48AE-0CE8-4A59-BAF4-29A1B17653F2}.Release|x64.Build.0 = Release|Any CPU
		{FCDD48AE-0CE8-4A59-BAF4-29A1B17653F2}.Release|x86.ActiveCfg = Release|Any CPU
		{FCDD48AE-0CE8-4A59-BAF4-29A1B17653F2}.Release|x86.Build.0 = Release|Any CPU
	EndGlobalSection
	GlobalSection(SolutionProperties) = preSolution
		HideSolutionNode = FALSE
	EndGlobalSection
	GlobalSection(NestedProjects) = preSolution
		{FF65D965-A329-4DDD-8019-86F57E11CA44} = {827E0CD3-B72D-47B6-A68D-7590B98EB39B}
		{739B21C6-A6CF-43B9-A683-1FD89AAB2B76} = {827E0CD3-B72D-47B6-A68D-7590B98EB39B}
		{156571F1-146D-4EAB-9A39-33D18284BF89} = {827E0CD3-B72D-47B6-A68D-7590B98EB39B}
		{4C42D898-8596-4FAE-B818-DEA5091E9D4F} = {827E0CD3-B72D-47B6-A68D-7590B98EB39B}
		{49541CD3-AF67-410D-A1CC-B5BD477DAA76} = {827E0CD3-B72D-47B6-A68D-7590B98EB39B}
		{FCDD48AE-0CE8-4A59-BAF4-29A1B17653F2} = {0AB3BF05-4346-4AA6-1389-037BE0695223}
	EndGlobalSection
	GlobalSection(ExtensibilityGlobals) = postSolution
		SolutionGuid = {2101E532-4B46-4781-A83F-41B80D4A0342}
	EndGlobalSection
EndGlobal
