
Microsoft Visual Studio Solution File, Format Version 12.00
# Visual Studio Version 17
VisualStudioVersion = 17.11.35327.3
MinimumVisualStudioVersion = 10.0.40219.1
Project("{FAE04EC0-301F-11D3-BF4B-00C04F79EFBC}") = "KryptoDrive.Domain", "KryptoDrive.Domain\KryptoDrive.Domain.csproj", "{65A56C0B-80DC-4362-BBE0-DC2692EB9820}"
EndProject
Project("{FAE04EC0-301F-11D3-BF4B-00C04F79EFBC}") = "KryptoDrive.DTO", "KryptoDrive.DTO\KryptoDrive.DTO.csproj", "{317F6FE1-1973-46DF-AB5A-9B9662E02D3D}"
EndProject
Project("{FAE04EC0-301F-11D3-BF4B-00C04F79EFBC}") = "KryptoDrive.Infra.Interfaces", "KryptoDrive.Infra.Interfaces\KryptoDrive.Infra.Interfaces.csproj", "{A18A1708-E905-47BF-975B-551565C6AFE1}"
EndProject
Project("{FAE04EC0-301F-11D3-BF4B-00C04F79EFBC}") = "KryptoDrive.Infra", "KryptoDrive.Infra\KryptoDrive.Infra.csproj", "{F7E9FF3C-DEA5-4711-8B45-AF1F3DA77AAD}"
EndProject
Project("{FAE04EC0-301F-11D3-BF4B-00C04F79EFBC}") = "KryptoDrive", "KryptoDrive\KryptoDrive.csproj", "{F0C567C1-6D2C-4AC1-856A-BC2A15B5C62F}"
EndProject
Project("{2150E333-8FDC-42A3-9474-1A3956D46DE8}") = "tests", "tests", "{0AB3BF05-4346-4AA6-1389-037BE0695223}"
EndProject
Project("{FAE04EC0-301F-11D3-BF4B-00C04F79EFBC}") = "KryptoDrive.Tests", "tests\KryptoDrive.Tests\KryptoDrive.Tests.csproj", "{3004394B-2C61-470D-B75F-8DB65F24F25C}"
EndProject
Global
	GlobalSection(SolutionConfigurationPlatforms) = preSolution
		Debug|Any CPU = Debug|Any CPU
		Debug|x64 = Debug|x64
		Debug|x86 = Debug|x86
		Release|Any CPU = Release|Any CPU
		Release|x64 = Release|x64
		Release|x86 = Release|x86
	EndGlobalSection
	GlobalSection(ProjectConfigurationPlatforms) = postSolution
		{65A56C0B-80DC-4362-BBE0-DC2692EB9820}.Debug|Any CPU.ActiveCfg = Debug|Any CPU
		{65A56C0B-80DC-4362-BBE0-DC2692EB9820}.Debug|Any CPU.Build.0 = Debug|Any CPU
		{65A56C0B-80DC-4362-BBE0-DC2692EB9820}.Debug|x64.ActiveCfg = Debug|Any CPU
		{65A56C0B-80DC-4362-BBE0-DC2692EB9820}.Debug|x64.Build.0 = Debug|Any CPU
		{65A56C0B-80DC-4362-BBE0-DC2692EB9820}.Debug|x86.ActiveCfg = Debug|Any CPU
		{65A56C0B-80DC-4362-BBE0-DC2692EB9820}.Debug|x86.Build.0 = Debug|Any CPU
		{65A56C0B-80DC-4362-BBE0-DC2692EB9820}.Release|Any CPU.ActiveCfg = Release|Any CPU
		{65A56C0B-80DC-4362-BBE0-DC2692EB9820}.Release|Any CPU.Build.0 = Release|Any CPU
		{65A56C0B-80DC-4362-BBE0-DC2692EB9820}.Release|x64.ActiveCfg = Release|Any CPU
		{65A56C0B-80DC-4362-BBE0-DC2692EB9820}.Release|x64.Build.0 = Release|Any CPU
		{65A56C0B-80DC-4362-BBE0-DC2692EB9820}.Release|x86.ActiveCfg = Release|Any CPU
		{65A56C0B-80DC-4362-BBE0-DC2692EB9820}.Release|x86.Build.0 = Release|Any CPU
		{317F6FE1-1973-46DF-AB5A-9B9662E02D3D}.Debug|Any CPU.ActiveCfg = Debug|Any CPU
		{317F6FE1-1973-46DF-AB5A-9B9662E02D3D}.Debug|Any CPU.Build.0 = Debug|Any CPU
		{317F6FE1-1973-46DF-AB5A-9B9662E02D3D}.Debug|x64.ActiveCfg = Debug|Any CPU
		{317F6FE1-1973-46DF-AB5A-9B9662E02D3D}.Debug|x64.Build.0 = Debug|Any CPU
		{317F6FE1-1973-46DF-AB5A-9B9662E02D3D}.Debug|x86.ActiveCfg = Debug|Any CPU
		{317F6FE1-1973-46DF-AB5A-9B9662E02D3D}.Debug|x86.Build.0 = Debug|Any CPU
		{317F6FE1-1973-46DF-AB5A-9B9662E02D3D}.Release|Any CPU.ActiveCfg = Release|Any CPU
		{317F6FE1-1973-46DF-AB5A-9B9662E02D3D}.Release|Any CPU.Build.0 = Release|Any CPU
		{317F6FE1-1973-46DF-AB5A-9B9662E02D3D}.Release|x64.ActiveCfg = Release|Any CPU
		{317F6FE1-1973-46DF-AB5A-9B9662E02D3D}.Release|x64.Build.0 = Release|Any CPU
		{317F6FE1-1973-46DF-AB5A-9B9662E02D3D}.Release|x86.ActiveCfg = Release|Any CPU
		{317F6FE1-1973-46DF-AB5A-9B9662E02D3D}.Release|x86.Build.0 = Release|Any CPU
		{A18A1708-E905-47BF-975B-551565C6AFE1}.Debug|Any CPU.ActiveCfg = Debug|Any CPU
		{A18A1708-E905-47BF-975B-551565C6AFE1}.Debug|Any CPU.Build.0 = Debug|Any CPU
		{A18A1708-E905-47BF-975B-551565C6AFE1}.Debug|x64.ActiveCfg = Debug|Any CPU
		{A18A1708-E905-47BF-975B-551565C6AFE1}.Debug|x64.Build.0 = Debug|Any CPU
		{A18A1708-E905-47BF-975B-551565C6AFE1}.Debug|x86.ActiveCfg = Debug|Any CPU
		{A18A1708-E905-47BF-975B-551565C6AFE1}.Debug|x86.Build.0 = Debug|Any CPU
		{A18A1708-E905-47BF-975B-551565C6AFE1}.Release|Any CPU.ActiveCfg = Release|Any CPU
		{A18A1708-E905-47BF-975B-551565C6AFE1}.Release|Any CPU.Build.0 = Release|Any CPU
		{A18A1708-E905-47BF-975B-551565C6AFE1}.Release|x64.ActiveCfg = Release|Any CPU
		{A18A1708-E905-47BF-975B-551565C6AFE1}.Release|x64.Build.0 = Release|Any CPU
		{A18A1708-E905-47BF-975B-551565C6AFE1}.Release|x86.ActiveCfg = Release|Any CPU
		{A18A1708-E905-47BF-975B-551565C6AFE1}.Release|x86.Build.0 = Release|Any CPU
		{F7E9FF3C-DEA5-4711-8B45-AF1F3DA77AAD}.Debug|Any CPU.ActiveCfg = Debug|Any CPU
		{F7E9FF3C-DEA5-4711-8B45-AF1F3DA77AAD}.Debug|Any CPU.Build.0 = Debug|Any CPU
		{F7E9FF3C-DEA5-4711-8B45-AF1F3DA77AAD}.Debug|x64.ActiveCfg = Debug|Any CPU
		{F7E9FF3C-DEA5-4711-8B45-AF1F3DA77AAD}.Debug|x64.Build.0 = Debug|Any CPU
		{F7E9FF3C-DEA5-4711-8B45-AF1F3DA77AAD}.Debug|x86.ActiveCfg = Debug|Any CPU
		{F7E9FF3C-DEA5-4711-8B45-AF1F3DA77AAD}.Debug|x86.Build.0 = Debug|Any CPU
		{F7E9FF3C-DEA5-4711-8B45-AF1F3DA77AAD}.Release|Any CPU.ActiveCfg = Release|Any CPU
		{F7E9FF3C-DEA5-4711-8B45-AF1F3DA77AAD}.Release|Any CPU.Build.0 = Release|Any CPU
		{F7E9FF3C-DEA5-4711-8B45-AF1F3DA77AAD}.Release|x64.ActiveCfg = Release|Any CPU
		{F7E9FF3C-DEA5-4711-8B45-AF1F3DA77AAD}.Release|x64.Build.0 = Release|Any CPU
		{F7E9FF3C-DEA5-4711-8B45-AF1F3DA77AAD}.Release|x86.ActiveCfg = Release|Any CPU
		{F7E9FF3C-DEA5-4711-8B45-AF1F3DA77AAD}.Release|x86.Build.0 = Release|Any CPU
		{F0C567C1-6D2C-4AC1-856A-BC2A15B5C62F}.Debug|Any CPU.ActiveCfg = Debug|Any CPU
		{F0C567C1-6D2C-4AC1-856A-BC2A15B5C62F}.Debug|Any CPU.Build.0 = Debug|Any CPU
		{F0C567C1-6D2C-4AC1-856A-BC2A15B5C62F}.Debug|x64.ActiveCfg = Debug|Any CPU
		{F0C567C1-6D2C-4AC1-856A-BC2A15B5C62F}.Debug|x64.Build.0 = Debug|Any CPU
		{F0C567C1-6D2C-4AC1-856A-BC2A15B5C62F}.Debug|x86.ActiveCfg = Debug|Any CPU
		{F0C567C1-6D2C-4AC1-856A-BC2A15B5C62F}.Debug|x86.Build.0 = Debug|Any CPU
		{F0C567C1-6D2C-4AC1-856A-BC2A15B5C62F}.Release|Any CPU.ActiveCfg = Release|Any CPU
		{F0C567C1-6D2C-4AC1-856A-BC2A15B5C62F}.Release|Any CPU.Build.0 = Release|Any CPU
		{F0C567C1-6D2C-4AC1-856A-BC2A15B5C62F}.Release|x64.ActiveCfg = Release|Any CPU
		{F0C567C1-6D2C-4AC1-856A-BC2A15B5C62F}.Release|x64.Build.0 = Release|Any CPU
		{F0C567C1-6D2C-4AC1-856A-BC2A15B5C62F}.Release|x86.ActiveCfg = Release|Any CPU
		{F0C567C1-6D2C-4AC1-856A-BC2A15B5C62F}.Release|x86.Build.0 = Release|Any CPU
		{3004394B-2C61-470D-B75F-8DB65F24F25C}.Debug|Any CPU.ActiveCfg = Debug|Any CPU
		{3004394B-2C61-470D-B75F-8DB65F24F25C}.Debug|Any CPU.Build.0 = Debug|Any CPU
		{3004394B-2C61-470D-B75F-8DB65F24F25C}.Debug|x64.ActiveCfg = Debug|Any CPU
		{3004394B-2C61-470D-B75F-8DB65F24F25C}.Debug|x64.Build.0 = Debug|Any CPU
		{3004394B-2C61-470D-B75F-8DB65F24F25C}.Debug|x86.ActiveCfg = Debug|Any CPU
		{3004394B-2C61-470D-B75F-8DB65F24F25C}.Debug|x86.Build.0 = Debug|Any CPU
		{3004394B-2C61-470D-B75F-8DB65F24F25C}.Release|Any CPU.ActiveCfg = Release|Any CPU
		{3004394B-2C61-470D-B75F-8DB65F24F25C}.Release|Any CPU.Build.0 = Release|Any CPU
		{3004394B-2C61-470D-B75F-8DB65F24F25C}.Release|x64.ActiveCfg = Release|Any CPU
		{3004394B-2C61-470D-B75F-8DB65F24F25C}.Release|x64.Build.0 = Release|Any CPU
		{3004394B-2C61-470D-B75F-8DB65F24F25C}.Release|x86.ActiveCfg = Release|Any CPU
		{3004394B-2C61-470D-B75F-8DB65F24F25C}.Release|x86.Build.0 = Release|Any CPU
	EndGlobalSection
	GlobalSection(SolutionProperties) = preSolution
		HideSolutionNode = FALSE
	EndGlobalSection
	GlobalSection(NestedProjects) = preSolution
		{3004394B-2C61-470D-B75F-8DB65F24F25C} = {0AB3BF05-4346-4AA6-1389-037BE0695223}
	EndGlobalSection
	GlobalSection(ExtensibilityGlobals) = postSolution
		SolutionGuid = {2101E532-4B46-4781-A83F-41B80D4A0342}
	EndGlobalSection
EndGlobal
